
Microsoft Visual Studio Solution File, Format Version 12.00
# Visual Studio Version 17
VisualStudioVersion = 17.4.33403.182
MinimumVisualStudioVersion = 10.0.40219.1
Project("{FAE04EC0-301F-11D3-BF4B-00C04F79EFBC}") = "proyecto_EEDD2_Tr", "proyecto_EEDD2_Tr.csproj", "{A3C7736C-B9D8-46F9-B313-DD8D55B42281}"
EndProject
Global
	GlobalSection(SolutionConfigurationPlatforms) = preSolution
		Debug|Any CPU = Debug|Any CPU
		Release|Any CPU = Release|Any CPU
	EndGlobalSection
	GlobalSection(ProjectConfigurationPlatforms) = postSolution
		{A3C7736C-B9D8-46F9-B313-DD8D55B42281}.Debug|Any CPU.ActiveCfg = Debug|Any CPU
		{A3C7736C-B9D8-46F9-B313-DD8D55B42281}.Debug|Any CPU.Build.0 = Debug|Any CPU
		{A3C7736C-B9D8-46F9-B313-DD8D55B42281}.Release|Any CPU.ActiveCfg = Release|Any CPU
		{A3C7736C-B9D8-46F9-B313-DD8D55B42281}.Release|Any CPU.Build.0 = Release|Any CPU
	EndGlobalSection
	GlobalSection(SolutionProperties) = preSolution
		HideSolutionNode = FALSE
	EndGlobalSection
	GlobalSection(ExtensibilityGlobals) = postSolution
		SolutionGuid = {CEE2A1FD-5559-4AD2-AD48-EEA55B4E0238}
	EndGlobalSection
EndGlobal
